// !$*UTF8*$!
{
	archiveVersion = 1;
	classes = {
	};
	objectVersion = 46;
	objects = {

/* Begin PBXBuildFile section */
		283AB02A1AEF21C7000E314D /* AppDelegate.swift in Sources */ = {isa = PBXBuildFile; fileRef = 283AB0291AEF21C7000E314D /* AppDelegate.swift */; };
		283AB02C1AEF21C7000E314D /* ViewController.swift in Sources */ = {isa = PBXBuildFile; fileRef = 283AB02B1AEF21C7000E314D /* ViewController.swift */; };
		283AB02F1AEF21C7000E314D /* Main.storyboard in Resources */ = {isa = PBXBuildFile; fileRef = 283AB02D1AEF21C7000E314D /* Main.storyboard */; };
		283AB0311AEF21C7000E314D /* Images.xcassets in Resources */ = {isa = PBXBuildFile; fileRef = 283AB0301AEF21C7000E314D /* Images.xcassets */; };
		283AB0341AEF21C7000E314D /* LaunchScreen.xib in Resources */ = {isa = PBXBuildFile; fileRef = 283AB0321AEF21C7000E314D /* LaunchScreen.xib */; };
		283AB0401AEF21C7000E314D /* BankCardScannerTests.swift in Sources */ = {isa = PBXBuildFile; fileRef = 283AB03F1AEF21C7000E314D /* BankCardScannerTests.swift */; };
		283AB0551AEF227E000E314D /* AVFoundation.framework in Frameworks */ = {isa = PBXBuildFile; fileRef = 283AB0541AEF227E000E314D /* AVFoundation.framework */; };
		283AB0571AEF228D000E314D /* AudioToolbox.framework in Frameworks */ = {isa = PBXBuildFile; fileRef = 283AB0561AEF228D000E314D /* AudioToolbox.framework */; };
		283AB05B1AEF229A000E314D /* MobileCoreServices.framework in Frameworks */ = {isa = PBXBuildFile; fileRef = 283AB05A1AEF229A000E314D /* MobileCoreServices.framework */; };
		283AB06A1AEF2FFD000E314D /* libCardIO.a in Frameworks */ = {isa = PBXBuildFile; fileRef = 283AB0691AEF2FFD000E314D /* libCardIO.a */; };
		283AB06C1AEF3079000E314D /* CoreMedia.framework in Frameworks */ = {isa = PBXBuildFile; fileRef = 283AB06B1AEF3079000E314D /* CoreMedia.framework */; };
		283AB06E1AEF36C5000E314D /* BankCard.jpg in Resources */ = {isa = PBXBuildFile; fileRef = 283AB06D1AEF36C5000E314D /* BankCard.jpg */; };
/* End PBXBuildFile section */

/* Begin PBXContainerItemProxy section */
		283AB03A1AEF21C7000E314D /* PBXContainerItemProxy */ = {
			isa = PBXContainerItemProxy;
			containerPortal = 283AB01C1AEF21C7000E314D /* Project object */;
			proxyType = 1;
			remoteGlobalIDString = 283AB0231AEF21C7000E314D;
			remoteInfo = BankCardScanner;
		};
/* End PBXContainerItemProxy section */

/* Begin PBXFileReference section */
		283AB0241AEF21C7000E314D /* BankCardScanner.app */ = {isa = PBXFileReference; explicitFileType = wrapper.application; includeInIndex = 0; path = BankCardScanner.app; sourceTree = BUILT_PRODUCTS_DIR; };
		283AB0281AEF21C7000E314D /* Info.plist */ = {isa = PBXFileReference; lastKnownFileType = text.plist.xml; path = Info.plist; sourceTree = "<group>"; };
		283AB0291AEF21C7000E314D /* AppDelegate.swift */ = {isa = PBXFileReference; lastKnownFileType = sourcecode.swift; path = AppDelegate.swift; sourceTree = "<group>"; };
		283AB02B1AEF21C7000E314D /* ViewController.swift */ = {isa = PBXFileReference; lastKnownFileType = sourcecode.swift; path = ViewController.swift; sourceTree = "<group>"; };
		283AB02E1AEF21C7000E314D /* Base */ = {isa = PBXFileReference; lastKnownFileType = file.storyboard; name = Base; path = Base.lproj/Main.storyboard; sourceTree = "<group>"; };
		283AB0301AEF21C7000E314D /* Images.xcassets */ = {isa = PBXFileReference; lastKnownFileType = folder.assetcatalog; path = Images.xcassets; sourceTree = "<group>"; };
		283AB0331AEF21C7000E314D /* Base */ = {isa = PBXFileReference; lastKnownFileType = file.xib; name = Base; path = Base.lproj/LaunchScreen.xib; sourceTree = "<group>"; };
		283AB0391AEF21C7000E314D /* BankCardScannerTests.xctest */ = {isa = PBXFileReference; explicitFileType = wrapper.cfbundle; includeInIndex = 0; path = BankCardScannerTests.xctest; sourceTree = BUILT_PRODUCTS_DIR; };
		283AB03E1AEF21C7000E314D /* Info.plist */ = {isa = PBXFileReference; lastKnownFileType = text.plist.xml; path = Info.plist; sourceTree = "<group>"; };
		283AB03F1AEF21C7000E314D /* BankCardScannerTests.swift */ = {isa = PBXFileReference; lastKnownFileType = sourcecode.swift; path = BankCardScannerTests.swift; sourceTree = "<group>"; };
		283AB0541AEF227E000E314D /* AVFoundation.framework */ = {isa = PBXFileReference; lastKnownFileType = wrapper.framework; name = AVFoundation.framework; path = System/Library/Frameworks/AVFoundation.framework; sourceTree = SDKROOT; };
		283AB0561AEF228D000E314D /* AudioToolbox.framework */ = {isa = PBXFileReference; lastKnownFileType = wrapper.framework; name = AudioToolbox.framework; path = System/Library/Frameworks/AudioToolbox.framework; sourceTree = SDKROOT; };
		283AB05A1AEF229A000E314D /* MobileCoreServices.framework */ = {isa = PBXFileReference; lastKnownFileType = wrapper.framework; name = MobileCoreServices.framework; path = System/Library/Frameworks/MobileCoreServices.framework; sourceTree = SDKROOT; };
		283AB05C1AEF2314000E314D /* BankCardScanner-Bridging-Header.h */ = {isa = PBXFileReference; lastKnownFileType = sourcecode.c.h; path = "BankCardScanner-Bridging-Header.h"; sourceTree = "<group>"; };
		283AB0611AEF2FFD000E314D /* CardIO.h */ = {isa = PBXFileReference; fileEncoding = 4; lastKnownFileType = sourcecode.c.h; path = CardIO.h; sourceTree = "<group>"; };
		283AB0621AEF2FFD000E314D /* CardIOCreditCardInfo.h */ = {isa = PBXFileReference; fileEncoding = 4; lastKnownFileType = sourcecode.c.h; path = CardIOCreditCardInfo.h; sourceTree = "<group>"; };
		283AB0631AEF2FFD000E314D /* CardIODetectionMode.h */ = {isa = PBXFileReference; fileEncoding = 4; lastKnownFileType = sourcecode.c.h; path = CardIODetectionMode.h; sourceTree = "<group>"; };
		283AB0641AEF2FFD000E314D /* CardIOPaymentViewController.h */ = {isa = PBXFileReference; fileEncoding = 4; lastKnownFileType = sourcecode.c.h; path = CardIOPaymentViewController.h; sourceTree = "<group>"; };
		283AB0651AEF2FFD000E314D /* CardIOPaymentViewControllerDelegate.h */ = {isa = PBXFileReference; fileEncoding = 4; lastKnownFileType = sourcecode.c.h; path = CardIOPaymentViewControllerDelegate.h; sourceTree = "<group>"; };
		283AB0661AEF2FFD000E314D /* CardIOUtilities.h */ = {isa = PBXFileReference; fileEncoding = 4; lastKnownFileType = sourcecode.c.h; path = CardIOUtilities.h; sourceTree = "<group>"; };
		283AB0671AEF2FFD000E314D /* CardIOView.h */ = {isa = PBXFileReference; fileEncoding = 4; lastKnownFileType = sourcecode.c.h; path = CardIOView.h; sourceTree = "<group>"; };
		283AB0681AEF2FFD000E314D /* CardIOViewDelegate.h */ = {isa = PBXFileReference; fileEncoding = 4; lastKnownFileType = sourcecode.c.h; path = CardIOViewDelegate.h; sourceTree = "<group>"; };
		283AB0691AEF2FFD000E314D /* libCardIO.a */ = {isa = PBXFileReference; lastKnownFileType = archive.ar; path = libCardIO.a; sourceTree = "<group>"; };
		283AB06B1AEF3079000E314D /* CoreMedia.framework */ = {isa = PBXFileReference; lastKnownFileType = wrapper.framework; name = CoreMedia.framework; path = System/Library/Frameworks/CoreMedia.framework; sourceTree = SDKROOT; };
		283AB06D1AEF36C5000E314D /* BankCard.jpg */ = {isa = PBXFileReference; lastKnownFileType = image.jpeg; path = BankCard.jpg; sourceTree = "<group>"; };
/* End PBXFileReference section */

/* Begin PBXFrameworksBuildPhase section */
		283AB0211AEF21C7000E314D /* Frameworks */ = {
			isa = PBXFrameworksBuildPhase;
			buildActionMask = 2147483647;
			files = (
				283AB06C1AEF3079000E314D /* CoreMedia.framework in Frameworks */,
				283AB05B1AEF229A000E314D /* MobileCoreServices.framework in Frameworks */,
				283AB06A1AEF2FFD000E314D /* libCardIO.a in Frameworks */,
				283AB0571AEF228D000E314D /* AudioToolbox.framework in Frameworks */,
				283AB0551AEF227E000E314D /* AVFoundation.framework in Frameworks */,
			);
			runOnlyForDeploymentPostprocessing = 0;
		};
		283AB0361AEF21C7000E314D /* Frameworks */ = {
			isa = PBXFrameworksBuildPhase;
			buildActionMask = 2147483647;
			files = (
			);
			runOnlyForDeploymentPostprocessing = 0;
		};
/* End PBXFrameworksBuildPhase section */

/* Begin PBXGroup section */
		283AB01B1AEF21C7000E314D = {
			isa = PBXGroup;
			children = (
				283AB06D1AEF36C5000E314D /* BankCard.jpg */,
				283AB0601AEF2FFD000E314D /* CardIO */,
				283AB05F1AEF232A000E314D /* Frameworks */,
				283AB0261AEF21C7000E314D /* BankCardScanner */,
				283AB03C1AEF21C7000E314D /* BankCardScannerTests */,
				283AB0251AEF21C7000E314D /* Products */,
			);
			sourceTree = "<group>";
		};
		283AB0251AEF21C7000E314D /* Products */ = {
			isa = PBXGroup;
			children = (
				283AB0241AEF21C7000E314D /* BankCardScanner.app */,
				283AB0391AEF21C7000E314D /* BankCardScannerTests.xctest */,
			);
			name = Products;
			sourceTree = "<group>";
		};
		283AB0261AEF21C7000E314D /* BankCardScanner */ = {
			isa = PBXGroup;
			children = (
				283AB0291AEF21C7000E314D /* AppDelegate.swift */,
				283AB02B1AEF21C7000E314D /* ViewController.swift */,
				283AB02D1AEF21C7000E314D /* Main.storyboard */,
				283AB0301AEF21C7000E314D /* Images.xcassets */,
				283AB0321AEF21C7000E314D /* LaunchScreen.xib */,
				283AB0271AEF21C7000E314D /* Supporting Files */,
				283AB05C1AEF2314000E314D /* BankCardScanner-Bridging-Header.h */,
			);
			path = BankCardScanner;
			sourceTree = "<group>";
		};
		283AB0271AEF21C7000E314D /* Supporting Files */ = {
			isa = PBXGroup;
			children = (
				283AB0281AEF21C7000E314D /* Info.plist */,
			);
			name = "Supporting Files";
			sourceTree = "<group>";
		};
		283AB03C1AEF21C7000E314D /* BankCardScannerTests */ = {
			isa = PBXGroup;
			children = (
				283AB03F1AEF21C7000E314D /* BankCardScannerTests.swift */,
				283AB03D1AEF21C7000E314D /* Supporting Files */,
			);
			path = BankCardScannerTests;
			sourceTree = "<group>";
		};
		283AB03D1AEF21C7000E314D /* Supporting Files */ = {
			isa = PBXGroup;
			children = (
				283AB03E1AEF21C7000E314D /* Info.plist */,
			);
			name = "Supporting Files";
			sourceTree = "<group>";
		};
		283AB05F1AEF232A000E314D /* Frameworks */ = {
			isa = PBXGroup;
			children = (
				283AB06B1AEF3079000E314D /* CoreMedia.framework */,
				283AB05A1AEF229A000E314D /* MobileCoreServices.framework */,
				283AB0561AEF228D000E314D /* AudioToolbox.framework */,
				283AB0541AEF227E000E314D /* AVFoundation.framework */,
			);
			name = Frameworks;
			sourceTree = "<group>";
		};
		283AB0601AEF2FFD000E314D /* CardIO */ = {
			isa = PBXGroup;
			children = (
				283AB0611AEF2FFD000E314D /* CardIO.h */,
				283AB0621AEF2FFD000E314D /* CardIOCreditCardInfo.h */,
				283AB0631AEF2FFD000E314D /* CardIODetectionMode.h */,
				283AB0641AEF2FFD000E314D /* CardIOPaymentViewController.h */,
				283AB0651AEF2FFD000E314D /* CardIOPaymentViewControllerDelegate.h */,
				283AB0661AEF2FFD000E314D /* CardIOUtilities.h */,
				283AB0671AEF2FFD000E314D /* CardIOView.h */,
				283AB0681AEF2FFD000E314D /* CardIOViewDelegate.h */,
				283AB0691AEF2FFD000E314D /* libCardIO.a */,
			);
			path = CardIO;
			sourceTree = "<group>";
		};
/* End PBXGroup section */

/* Begin PBXNativeTarget section */
		283AB0231AEF21C7000E314D /* BankCardScanner */ = {
			isa = PBXNativeTarget;
			buildConfigurationList = 283AB0431AEF21C7000E314D /* Build configuration list for PBXNativeTarget "BankCardScanner" */;
			buildPhases = (
				283AB0201AEF21C7000E314D /* Sources */,
				283AB0211AEF21C7000E314D /* Frameworks */,
				283AB0221AEF21C7000E314D /* Resources */,
			);
			buildRules = (
			);
			dependencies = (
			);
			name = BankCardScanner;
			productName = BankCardScanner;
			productReference = 283AB0241AEF21C7000E314D /* BankCardScanner.app */;
			productType = "com.apple.product-type.application";
		};
		283AB0381AEF21C7000E314D /* BankCardScannerTests */ = {
			isa = PBXNativeTarget;
			buildConfigurationList = 283AB0461AEF21C7000E314D /* Build configuration list for PBXNativeTarget "BankCardScannerTests" */;
			buildPhases = (
				283AB0351AEF21C7000E314D /* Sources */,
				283AB0361AEF21C7000E314D /* Frameworks */,
				283AB0371AEF21C7000E314D /* Resources */,
			);
			buildRules = (
			);
			dependencies = (
				283AB03B1AEF21C7000E314D /* PBXTargetDependency */,
			);
			name = BankCardScannerTests;
			productName = BankCardScannerTests;
			productReference = 283AB0391AEF21C7000E314D /* BankCardScannerTests.xctest */;
			productType = "com.apple.product-type.bundle.unit-test";
		};
/* End PBXNativeTarget section */

/* Begin PBXProject section */
		283AB01C1AEF21C7000E314D /* Project object */ = {
			isa = PBXProject;
			attributes = {
				LastUpgradeCheck = 0630;
				ORGANIZATIONNAME = "OliHire-HellowJingQiu";
				TargetAttributes = {
					283AB0231AEF21C7000E314D = {
						CreatedOnToolsVersion = 6.4;
					};
					283AB0381AEF21C7000E314D = {
						CreatedOnToolsVersion = 6.4;
						TestTargetID = 283AB0231AEF21C7000E314D;
					};
				};
			};
			buildConfigurationList = 283AB01F1AEF21C7000E314D /* Build configuration list for PBXProject "BankCardScanner" */;
			compatibilityVersion = "Xcode 3.2";
			developmentRegion = English;
			hasScannedForEncodings = 0;
			knownRegions = (
				en,
				Base,
			);
			mainGroup = 283AB01B1AEF21C7000E314D;
			productRefGroup = 283AB0251AEF21C7000E314D /* Products */;
			projectDirPath = "";
			projectRoot = "";
			targets = (
				283AB0231AEF21C7000E314D /* BankCardScanner */,
				283AB0381AEF21C7000E314D /* BankCardScannerTests */,
			);
		};
/* End PBXProject section */

/* Begin PBXResourcesBuildPhase section */
		283AB0221AEF21C7000E314D /* Resources */ = {
			isa = PBXResourcesBuildPhase;
			buildActionMask = 2147483647;
			files = (
				283AB02F1AEF21C7000E314D /* Main.storyboard in Resources */,
				283AB0341AEF21C7000E314D /* LaunchScreen.xib in Resources */,
				283AB0311AEF21C7000E314D /* Images.xcassets in Resources */,
				283AB06E1AEF36C5000E314D /* BankCard.jpg in Resources */,
			);
			runOnlyForDeploymentPostprocessing = 0;
		};
		283AB0371AEF21C7000E314D /* Resources */ = {
			isa = PBXResourcesBuildPhase;
			buildActionMask = 2147483647;
			files = (
			);
			runOnlyForDeploymentPostprocessing = 0;
		};
/* End PBXResourcesBuildPhase section */

/* Begin PBXSourcesBuildPhase section */
		283AB0201AEF21C7000E314D /* Sources */ = {
			isa = PBXSourcesBuildPhase;
			buildActionMask = 2147483647;
			files = (
				283AB02C1AEF21C7000E314D /* ViewController.swift in Sources */,
				283AB02A1AEF21C7000E314D /* AppDelegate.swift in Sources */,
			);
			runOnlyForDeploymentPostprocessing = 0;
		};
		283AB0351AEF21C7000E314D /* Sources */ = {
			isa = PBXSourcesBuildPhase;
			buildActionMask = 2147483647;
			files = (
				283AB0401AEF21C7000E314D /* BankCardScannerTests.swift in Sources */,
			);
			runOnlyForDeploymentPostprocessing = 0;
		};
/* End PBXSourcesBuildPhase section */

/* Begin PBXTargetDependency section */
		283AB03B1AEF21C7000E314D /* PBXTargetDependency */ = {
			isa = PBXTargetDependency;
			target = 283AB0231AEF21C7000E314D /* BankCardScanner */;
			targetProxy = 283AB03A1AEF21C7000E314D /* PBXContainerItemProxy */;
		};
/* End PBXTargetDependency section */

/* Begin PBXVariantGroup section */
		283AB02D1AEF21C7000E314D /* Main.storyboard */ = {
			isa = PBXVariantGroup;
			children = (
				283AB02E1AEF21C7000E314D /* Base */,
			);
			name = Main.storyboard;
			sourceTree = "<group>";
		};
		283AB0321AEF21C7000E314D /* LaunchScreen.xib */ = {
			isa = PBXVariantGroup;
			children = (
				283AB0331AEF21C7000E314D /* Base */,
			);
			name = LaunchScreen.xib;
			sourceTree = "<group>";
		};
/* End PBXVariantGroup section */

/* Begin XCBuildConfiguration section */
		283AB0411AEF21C7000E314D /* Debug */ = {
			isa = XCBuildConfiguration;
			buildSettings = {
				ALWAYS_SEARCH_USER_PATHS = NO;
				CLANG_CXX_LANGUAGE_STANDARD = "gnu++0x";
				CLANG_CXX_LIBRARY = "libc++";
				CLANG_ENABLE_MODULES = YES;
				CLANG_ENABLE_OBJC_ARC = YES;
				CLANG_WARN_BOOL_CONVERSION = YES;
				CLANG_WARN_CONSTANT_CONVERSION = YES;
				CLANG_WARN_DIRECT_OBJC_ISA_USAGE = YES_ERROR;
				CLANG_WARN_EMPTY_BODY = YES;
				CLANG_WARN_ENUM_CONVERSION = YES;
				CLANG_WARN_INT_CONVERSION = YES;
				CLANG_WARN_OBJC_ROOT_CLASS = YES_ERROR;
				CLANG_WARN_UNREACHABLE_CODE = YES;
				CLANG_WARN__DUPLICATE_METHOD_MATCH = YES;
				"CODE_SIGN_IDENTITY[sdk=iphoneos*]" = "iPhone Developer";
				COPY_PHASE_STRIP = NO;
				DEBUG_INFORMATION_FORMAT = "dwarf-with-dsym";
				ENABLE_STRICT_OBJC_MSGSEND = YES;
				GCC_C_LANGUAGE_STANDARD = gnu99;
				GCC_DYNAMIC_NO_PIC = NO;
				GCC_NO_COMMON_BLOCKS = YES;
				GCC_OPTIMIZATION_LEVEL = 0;
				GCC_PREPROCESSOR_DEFINITIONS = (
					"DEBUG=1",
					"$(inherited)",
				);
				GCC_SYMBOLS_PRIVATE_EXTERN = NO;
				GCC_WARN_64_TO_32_BIT_CONVERSION = YES;
				GCC_WARN_ABOUT_RETURN_TYPE = YES_ERROR;
				GCC_WARN_UNDECLARED_SELECTOR = YES;
				GCC_WARN_UNINITIALIZED_AUTOS = YES_AGGRESSIVE;
				GCC_WARN_UNUSED_FUNCTION = YES;
				GCC_WARN_UNUSED_VARIABLE = YES;
				IPHONEOS_DEPLOYMENT_TARGET = 8.4;
				MTL_ENABLE_DEBUG_INFO = YES;
				ONLY_ACTIVE_ARCH = YES;
				SDKROOT = iphoneos;
				SWIFT_OPTIMIZATION_LEVEL = "-Onone";
				TARGETED_DEVICE_FAMILY = "1,2";
			};
			name = Debug;
		};
		283AB0421AEF21C7000E314D /* Release */ = {
			isa = XCBuildConfiguration;
			buildSettings = {
				ALWAYS_SEARCH_USER_PATHS = NO;
				CLANG_CXX_LANGUAGE_STANDARD = "gnu++0x";
				CLANG_CXX_LIBRARY = "libc++";
				CLANG_ENABLE_MODULES = YES;
				CLANG_ENABLE_OBJC_ARC = YES;
				CLANG_WARN_BOOL_CONVERSION = YES;
				CLANG_WARN_CONSTANT_CONVERSION = YES;
				CLANG_WARN_DIRECT_OBJC_ISA_USAGE = YES_ERROR;
				CLANG_WARN_EMPTY_BODY = YES;
				CLANG_WARN_ENUM_CONVERSION = YES;
				CLANG_WARN_INT_CONVERSION = YES;
				CLANG_WARN_OBJC_ROOT_CLASS = YES_ERROR;
				CLANG_WARN_UNREACHABLE_CODE = YES;
				CLANG_WARN__DUPLICATE_METHOD_MATCH = YES;
				"CODE_SIGN_IDENTITY[sdk=iphoneos*]" = "iPhone Developer";
				COPY_PHASE_STRIP = NO;
				DEBUG_INFORMATION_FORMAT = "dwarf-with-dsym";
				ENABLE_NS_ASSERTIONS = NO;
				ENABLE_STRICT_OBJC_MSGSEND = YES;
				GCC_C_LANGUAGE_STANDARD = gnu99;
				GCC_NO_COMMON_BLOCKS = YES;
				GCC_WARN_64_TO_32_BIT_CONVERSION = YES;
				GCC_WARN_ABOUT_RETURN_TYPE = YES_ERROR;
				GCC_WARN_UNDECLARED_SELECTOR = YES;
				GCC_WARN_UNINITIALIZED_AUTOS = YES_AGGRESSIVE;
				GCC_WARN_UNUSED_FUNCTION = YES;
				GCC_WARN_UNUSED_VARIABLE = YES;
				IPHONEOS_DEPLOYMENT_TARGET = 8.4;
				MTL_ENABLE_DEBUG_INFO = NO;
				SDKROOT = iphoneos;
				TARGETED_DEVICE_FAMILY = "1,2";
				VALIDATE_PRODUCT = YES;
			};
			name = Release;
		};
		283AB0441AEF21C7000E314D /* Debug */ = {
			isa = XCBuildConfiguration;
			buildSettings = {
				ASSETCATALOG_COMPILER_APPICON_NAME = AppIcon;
				CLANG_ENABLE_MODULES = YES;
				INFOPLIST_FILE = BankCardScanner/Info.plist;
				LD_RUNPATH_SEARCH_PATHS = "$(inherited) @executable_path/Frameworks";
				LIBRARY_SEARCH_PATHS = (
					"$(inherited)",
					"$(PROJECT_DIR)/CardIO",
				);
				OTHER_LDFLAGS = "-lc++";
				PRODUCT_NAME = "$(TARGET_NAME)";
				SWIFT_OBJC_BRIDGING_HEADER = "BankCardScanner/BankCardScanner-Bridging-Header.h";
				SWIFT_OPTIMIZATION_LEVEL = "-Onone";
			};
			name = Debug;
		};
		283AB0451AEF21C7000E314D /* Release */ = {
			isa = XCBuildConfiguration;
			buildSettings = {
				ASSETCATALOG_COMPILER_APPICON_NAME = AppIcon;
				CLANG_ENABLE_MODULES = YES;
				INFOPLIST_FILE = BankCardScanner/Info.plist;
				LD_RUNPATH_SEARCH_PATHS = "$(inherited) @executable_path/Frameworks";
				LIBRARY_SEARCH_PATHS = (
					"$(inherited)",
					"$(PROJECT_DIR)/CardIO",
				);
				OTHER_LDFLAGS = "-lc++";
				PRODUCT_NAME = "$(TARGET_NAME)";
				SWIFT_OBJC_BRIDGING_HEADER = "BankCardScanner/BankCardScanner-Bridging-Header.h";
			};
			name = Release;
		};
		283AB0471AEF21C7000E314D /* Debug */ = {
			isa = XCBuildConfiguration;
			buildSettings = {
				BUNDLE_LOADER = "$(TEST_HOST)";
				FRAMEWORK_SEARCH_PATHS = (
					"$(SDKROOT)/Developer/Library/Frameworks",
					"$(inherited)",
				);
				GCC_PREPROCESSOR_DEFINITIONS = (
					"DEBUG=1",
					"$(inherited)",
				);
				INFOPLIST_FILE = BankCardScannerTests/Info.plist;
				LD_RUNPATH_SEARCH_PATHS = "$(inherited) @executable_path/Frameworks @loader_path/Frameworks";
				PRODUCT_NAME = "$(TARGET_NAME)";
				TEST_HOST = "$(BUILT_PRODUCTS_DIR)/BankCardScanner.app/BankCardScanner";
			};
			name = Debug;
		};
		283AB0481AEF21C7000E314D /* Release */ = {
			isa = XCBuildConfiguration;
			buildSettings = {
				BUNDLE_LOADER = "$(TEST_HOST)";
				FRAMEWORK_SEARCH_PATHS = (
					"$(SDKROOT)/Developer/Library/Frameworks",
					"$(inherited)",
				);
				INFOPLIST_FILE = BankCardScannerTests/Info.plist;
				LD_RUNPATH_SEARCH_PATHS = "$(inherited) @executable_path/Frameworks @loader_path/Frameworks";
				PRODUCT_NAME = "$(TARGET_NAME)";
				TEST_HOST = "$(BUILT_PRODUCTS_DIR)/BankCardScanner.app/BankCardScanner";
			};
			name = Release;
		};
/* End XCBuildConfiguration section */

/* Begin XCConfigurationList section */
		283AB01F1AEF21C7000E314D /* Build configuration list for PBXProject "BankCardScanner" */ = {
			isa = XCConfigurationList;
			buildConfigurations = (
				283AB0411AEF21C7000E314D /* Debug */,
				283AB0421AEF21C7000E314D /* Release */,
			);
			defaultConfigurationIsVisible = 0;
			defaultConfigurationName = Release;
		};
		283AB0431AEF21C7000E314D /* Build configuration list for PBXNativeTarget "BankCardScanner" */ = {
			isa = XCConfigurationList;
			buildConfigurations = (
				283AB0441AEF21C7000E314D /* Debug */,
				283AB0451AEF21C7000E314D /* Release */,
			);
			defaultConfigurationIsVisible = 0;
		};
		283AB0461AEF21C7000E314D /* Build configuration list for PBXNativeTarget "BankCardScannerTests" */ = {
			isa = XCConfigurationList;
			buildConfigurations = (
				283AB0471AEF21C7000E314D /* Debug */,
				283AB0481AEF21C7000E314D /* Release */,
			);
			defaultConfigurationIsVisible = 0;
		};
/* End XCConfigurationList section */
	};
	rootObject = 283AB01C1AEF21C7000E314D /* Project object */;
}
